{
  "requires": true,
  "lockfileVersion": 1,
  "dependencies": {
    "@types/node": {
      "version": "10.14.4",
      "resolved": "https://registry.npmjs.org/@types/node/-/node-10.14.4.tgz",
      "integrity": "sha512-DT25xX/YgyPKiHFOpNuANIQIVvYEwCWXgK2jYYwqgaMrYE6+tq+DtmMwlD3drl6DJbUwtlIDnn0d7tIn/EbXBg=="
    },
    "html-parser": {
      "version": "0.11.0",
      "resolved": "https://registry.npmjs.org/html-parser/-/html-parser-0.11.0.tgz",
      "integrity": "sha512-5DHyuxRhTBm4fzeMf9HGj2FpZ7gqwcOxT2RXqZ0uPXt0YRU41QKun0yhIeepnMhLXokUOiwJbRpTzRHgnOEpvQ=="
    },
    "iconv-lite": {
      "version": "0.4.24",
      "resolved": "https://registry.npmjs.org/iconv-lite/-/iconv-lite-0.4.24.tgz",
      "integrity": "sha512-v3MXnZAcvnywkTUEZomIActle7RXXeedOR31wwl7VlyoXO4Qi9arvSenNQWne1TcRwhCL1HwLI21bEqdpj8/rA==",
      "requires": {
        "safer-buffer": ">= 2.1.2 < 3"
      }
    },
    "indento": {
      "version": "1.1.12",
      "resolved": "https://registry.npmjs.org/indento/-/indento-1.1.12.tgz",
      "integrity": "sha512-hWlFlRL6dd06MU5SsOZZ6kzO7t/7ZjcxWh1Yf/MjGtyKQMC8SPS5GbZ2XqMBGaGn+HM2QQawYxSLtS7Zv0w0BQ=="
    },
    "jschardet": {
      "version": "1.6.0",
      "resolved": "https://registry.npmjs.org/jschardet/-/jschardet-1.6.0.tgz",
      "integrity": "sha512-xYuhvQ7I9PDJIGBWev9xm0+SMSed3ZDBAmvVjbFR1ZRLAF+vlXcQu6cRI9uAlj81rzikElRVteehwV7DuX2ZmQ=="
    },
    "json2md": {
      "version": "1.6.3",
      "resolved": "https://registry.npmjs.org/json2md/-/json2md-1.6.3.tgz",
      "integrity": "sha512-bdza+dm2rKu9NgguimGe9Os7grpYE8CCLXIXMkIYGOfkZLxSMKN487OOT8PBgBW2xFCcItoxh6WFA7SJOEDKkw==",
      "requires": {
        "indento": "^1.1.7"
      }
    },
    "minimist": {
      "version": "0.0.8",
      "resolved": "https://registry.npmjs.org/minimist/-/minimist-0.0.8.tgz",
      "integrity": "sha1-hX/Kv8M5fSYluCKCYuhqp6ARsF0="
    },
    "mkdirp": {
      "version": "0.5.1",
      "resolved": "https://registry.npmjs.org/mkdirp/-/mkdirp-0.5.1.tgz",
      "integrity": "sha1-MAV0OOrGz3+MR2fzhkjWaX11yQM=",
      "requires": {
        "minimist": "0.0.8"
      }
    },
    "node-fetch": {
      "version": "2.3.0",
      "resolved": "https://registry.npmjs.org/node-fetch/-/node-fetch-2.3.0.tgz",
      "integrity": "sha512-MOd8pV3fxENbryESLgVIeaGKrdl+uaYhCSSVkjeOb/31/njTpcis5aWfdqgNlHIrKOLRbMnfPINPOML2CIFeXA=="
    },
    "read-text-file": {
      "version": "1.1.0",
      "resolved": "https://registry.npmjs.org/read-text-file/-/read-text-file-1.1.0.tgz",
      "integrity": "sha1-0MPxh2iCj5EH1huws2jue5D3GJM=",
      "requires": {
        "iconv-lite": "^0.4.17",
        "jschardet": "^1.4.2"
      }
    },
    "rober19-config": {
      "version": "2.4.37",
      "resolved": "https://registry.npmjs.org/rober19-config/-/rober19-config-2.4.37.tgz",
      "integrity": "sha512-n3Bph4TVO/cR8AqB4x6rgpDuVpsuLeAYz7Tu0soR00iImY90XX6ROqfAiIdgLWMxL7ZW32uo3IIwCK0pr3zIiQ==",
      "requires": {
        "@types/node": "^10.12.12",
        "html-parser": "^0.11.0",
        "json2md": "^1.6.1",
        "node-fetch": "^2.3.0",
        "read-text-file": "^1.1.0",
        "write": "^1.0.3"
      }
    },
    "safer-buffer": {
      "version": "2.1.2",
      "resolved": "https://registry.npmjs.org/safer-buffer/-/safer-buffer-2.1.2.tgz",
      "integrity": "sha512-YZo3K82SD7Riyi0E1EQPojLz7kpepnSQI9IyPbHHg1XXXevb5dJI7tpyN2ADxGcQbHG7vcyRHk0cbwqcQriUtg=="
    },
    "write": {
      "version": "1.0.3",
      "resolved": "https://registry.npmjs.org/write/-/write-1.0.3.tgz",
      "integrity": "sha512-/lg70HAjtkUgWPVZhZcm+T4hkL8Zbtp1nFNOn3lRrxnlv50SRBv7cR7RqR+GMsd3hUXy9hWBo4CHTbFTcOYwig==",
      "requires": {
        "mkdirp": "^0.5.1"
      }
    }
  }
}
